
Microsoft Visual Studio Solution File, Format Version 12.00
# Visual Studio Version 16
VisualStudioVersion = 25.0.1700.0
MinimumVisualStudioVersion = 10.0.40219.1
Project("{FAE04EC0-301F-11D3-BF4B-00C04F79EFBC}") = "todo-tracker", "todo-tracker\todo-tracker.csproj", "{B47DD374-DA31-41AA-A511-82A6CA333164}"
EndProject
Project("{FAE04EC0-301F-11D3-BF4B-00C04F79EFBC}") = "todo-tracker.test", "todo-tracker.test\todo-tracker.test.csproj", "{0B966942-B5E1-4D06-AB80-5F7EB596F66B}"
EndProject
Project("{FAE04EC0-301F-11D3-BF4B-00C04F79EFBC}") = "todo-tracker.consoleUI", "todo-tracker.consoleUI\todo-tracker.consoleUI.csproj", "{BD217E4F-549E-4F36-8D37-337E406822B3}"
EndProject
Project("{FAE04EC0-301F-11D3-BF4B-00C04F79EFBC}") = "todo-tracker.consoleUI.tests", "todo-tracker.consoleUI.tests\todo-tracker.consoleUI.tests.csproj", "{D01A4196-7DD8-499F-B5FB-8AF08EAEA170}"
EndProject
Global
	GlobalSection(SolutionConfigurationPlatforms) = preSolution
		Debug|Any CPU = Debug|Any CPU
		Release|Any CPU = Release|Any CPU
	EndGlobalSection
	GlobalSection(ProjectConfigurationPlatforms) = postSolution
		{B47DD374-DA31-41AA-A511-82A6CA333164}.Debug|Any CPU.ActiveCfg = Debug|Any CPU
		{B47DD374-DA31-41AA-A511-82A6CA333164}.Debug|Any CPU.Build.0 = Debug|Any CPU
		{B47DD374-DA31-41AA-A511-82A6CA333164}.Release|Any CPU.ActiveCfg = Release|Any CPU
		{B47DD374-DA31-41AA-A511-82A6CA333164}.Release|Any CPU.Build.0 = Release|Any CPU
		{0B966942-B5E1-4D06-AB80-5F7EB596F66B}.Debug|Any CPU.ActiveCfg = Debug|Any CPU
		{0B966942-B5E1-4D06-AB80-5F7EB596F66B}.Debug|Any CPU.Build.0 = Debug|Any CPU
		{0B966942-B5E1-4D06-AB80-5F7EB596F66B}.Release|Any CPU.ActiveCfg = Release|Any CPU
		{0B966942-B5E1-4D06-AB80-5F7EB596F66B}.Release|Any CPU.Build.0 = Release|Any CPU
		{BD217E4F-549E-4F36-8D37-337E406822B3}.Debug|Any CPU.ActiveCfg = Debug|Any CPU
		{BD217E4F-549E-4F36-8D37-337E406822B3}.Debug|Any CPU.Build.0 = Debug|Any CPU
		{BD217E4F-549E-4F36-8D37-337E406822B3}.Release|Any CPU.ActiveCfg = Release|Any CPU
		{BD217E4F-549E-4F36-8D37-337E406822B3}.Release|Any CPU.Build.0 = Release|Any CPU
		{D01A4196-7DD8-499F-B5FB-8AF08EAEA170}.Debug|Any CPU.ActiveCfg = Debug|Any CPU
		{D01A4196-7DD8-499F-B5FB-8AF08EAEA170}.Debug|Any CPU.Build.0 = Debug|Any CPU
		{D01A4196-7DD8-499F-B5FB-8AF08EAEA170}.Release|Any CPU.ActiveCfg = Release|Any CPU
		{D01A4196-7DD8-499F-B5FB-8AF08EAEA170}.Release|Any CPU.Build.0 = Release|Any CPU
	EndGlobalSection
	GlobalSection(SolutionProperties) = preSolution
		HideSolutionNode = FALSE
	EndGlobalSection
	GlobalSection(ExtensibilityGlobals) = postSolution
		SolutionGuid = {C242416B-F43E-4FC7-9886-3071A1AAC005}
	EndGlobalSection
EndGlobal
